{
  "name": "@goldwasserexchange/media-queries",
  "version": "1.0.0",
  "lockfileVersion": 1,
  "requires": true,
  "dependencies": {
    "@goldwasserexchange/utils": {
      "version": "1.9.0",
      "resolved": "https://registry.npmjs.org/@goldwasserexchange/utils/-/utils-1.9.0.tgz",
      "integrity": "sha512-Sy51ZvovKgI23swpiC7ouz0FNu6GXG87cyuSyAzDsBDcH36T0C8bnCak2OyTQFH7N9pP0bd78mU5zaH02T22eA==",
      "dev": true,
      "requires": {
        "json-stringify-safe": "5.0.1",
        "ramda": "0.25.0"
      }
    },
    "json-stringify-safe": {
      "version": "5.0.1",
      "resolved": "https://registry.npmjs.org/json-stringify-safe/-/json-stringify-safe-5.0.1.tgz",
      "integrity": "sha1-Epai1Y/UXxmg9s4B1lcB4sc1tus=",
      "dev": true
    },
    "ramda": {
      "version": "0.25.0",
      "resolved": "https://registry.npmjs.org/ramda/-/ramda-0.25.0.tgz",
      "integrity": "sha512-GXpfrYVPwx3K7RQ6aYT8KPS8XViSXUVJT1ONhoKPE9VAleW42YE+U+8VEyGWt41EnEQW7gwecYJriTI0pKoecQ==",
      "dev": true
    }
  }
}
